{
    "_meta": {
        "hash": {
            "sha256": "8da1041edbe7741839590b8edb71420fda2ea9dca36cf491f44cc4849c6224c8"
        },
        "pipfile-spec": 6,
        "requires": {
            "python_version": "3.9"
        },
        "sources": [
            {
                "name": "pypi",
                "url": "https://pypi.org/simple",
                "verify_ssl": true
            }
        ]
    },
    "default": {
        "aioca": {
            "hashes": [
                "sha256:1a21c3f51968b14185ff535054ba0cd85192196b607f768fab07ac1d203a5eaf",
                "sha256:6a7799aea67b8d52ba71e1c17e313f29cf3500a6322bc97a9d3818d51591e843"
            ],
            "version": "==1.4"
        },
        "apischema": {
            "hashes": [
                "sha256:03e7d4f8e64096159353c81564091f72ed9925d99f77fb022b715851b64d8905",
                "sha256:0b8b85f90aa2af05171f9fb48dcfb2291c14e01858d840a34579ee9930e2ac03",
                "sha256:0d4eabf40a31fd60144e3f21576efcf63fd14c2aed7ab45dcfdf2c1ba6692a6f",
                "sha256:10e0aea9766bb27b5e68c71e6f61c6564b199d70e19683cbea94429e8bce548c",
                "sha256:19910f39ebf3c2c7663772639400432831cbbfb9495b54415366ef5f24a62f97",
                "sha256:21a1ba34ab4c2638f67589eb71baa76c126698569090194ea1133ed8fa044da5",
                "sha256:25a7d56ca644a0ac01e4e8e061bcafd9c5b040e0e8891900f2030068ca437003",
                "sha256:3191c72113709647e3f56ae354468e50b5f93618cfc36bd0709ca1ec9f31a765",
                "sha256:37195236e8fc8750673584dd2273f997b8ebff534a35e5fa23d3cc1a6b19d42a",
                "sha256:3f94d23815eef966fa802daaca994ba1382a1a2ee2ef28c0c84069b241d7f088",
                "sha256:4669066ade969ed1b28cd5f30bf7f56dda494f20a2f1ad7294cd9aefc29d0c57",
                "sha256:552466c3c9f7c9105599a9501adf16aca3e815dae296567a0d5db5da445a09c3",
                "sha256:5cef4588d1167a343b788d39596befa58b1df9c234bc9193dee1b82e4e54a29e",
                "sha256:650602ad12669a9537b88f2a5850199937bb4da87b9b4ef160bc1eb4e74647e3",
                "sha256:6ef0a655aa82454ce5482a50cd8a4c14cd4f7a849ab3a10b4bc09ca018b85946",
                "sha256:72eab80f29bc55cd23c685e909ffa21c9db8b545e3a4b1d6961e65ead11fc1d0",
                "sha256:763304928b7275b1c9e6efced5287bd4721b818dcc277c35820dd27249d05462",
                "sha256:874febeb8f2ca1169dccc3f5f1d09ffc667ca913aa2015ccf9db87dcb2306e94",
                "sha256:958175d3a2608ff49d4e3ba01bde4888837f4efd7418e27770d2c4b79648b41d",
                "sha256:9d6fdaf63db3e823f7d09548cbcaf279d7b98c4f630b875efdad91a02abbe45b",
                "sha256:9fcddde7416c514a63adf02369d925030dcb74bee95bd77780dd9177faab136d",
                "sha256:a2c389e9f17c0ba49513ad2dc87bc5196cfa8e1b585caaf9b02099cfe1b80958",
                "sha256:a4197aac0bffca619eeae3d162ae425647032e0f7a453751509d6fa54fc61f6a",
                "sha256:a9137c0b355439dab63c015744579f83a982133afc833ad600368297b2564f0e",
                "sha256:ac12b0038ace744b692db067fd0a15d5f0b417f0452c66bfd8103c022d0fd818",
                "sha256:b03ad6ed25c9247945dcacd7f4adb63a23774534424920c87c52a8bb9f38485f",
                "sha256:b1464e96e9bff4f3f0449ab7ad26dd28e560fcc355304abcd871c6cfbd46cea1",
                "sha256:b285e05f5a791d376f0af04964201a4e16218a860f09a8987b7e81638633bde6",
                "sha256:b82976a3700c4065da1c2619caac06111251809a9aa74c8f19e894d98896ba16",
                "sha256:ca8be57dd31bd4ace958fd46b12ddb99e007b3b6ebbbfabedb8989e35dfca965",
                "sha256:caa72d8f939e978daef305ccb429213d89d40ddfae74424231bc71bdcfd44651",
                "sha256:cba5ca8627e39ec357e63e1ca3fd4b1c7ab0c2a7000d2f0d47cdf445b1b870a6",
                "sha256:d60833bd9c7820716bee6ac69d4df9f59f5f6f01e46ff2b13ff2a63670316c9d",
                "sha256:de1f31687ab373031d161666fd36f99a013d1e9fea91b5f2de7bfc01db9e15db",
                "sha256:e9576d4c90a2771275e3d4fd1878cb41f354267646a892e3ccc9b86d2991acc7",
                "sha256:ff29a5b86067c8664dd3e6ae9dec2f687bab0498cb0f90ce543676ad0a79bced"
            ],
            "markers": "python_version >= '3.6'",
            "version": "==0.17.5"
        },
        "asttokens": {
            "hashes": [
                "sha256:c61e16246ecfb2cde2958406b4c8ebc043c9e6d73aaa83c941673b35e5d3a76b",
                "sha256:e3305297c744ae53ffa032c45dc347286165e4ffce6875dc662b205db0623d86"
            ],
            "version": "==2.0.8"
        },
        "attrs": {
            "hashes": [
                "sha256:29adc2665447e5191d0e7c568fde78b21f9672d344281d0c6e1ab085429b22b6",
                "sha256:86efa402f67bf2df34f51a335487cf46b1ec130d02b8d39fd248abfd30da551c"
            ],
            "markers": "python_version >= '3.5'",
            "version": "==22.1.0"
        },
        "backcall": {
            "hashes": [
                "sha256:5cbdbf27be5e7cfadb448baf0aa95508f91f2bbc6c6437cd9cd06e2a4c215e1e",
                "sha256:fbbce6a29f263178a1f7915c1940bde0ec2b2a967566fe1c65c1dfb7422bd255"
            ],
            "version": "==0.2.0"
        },
        "bluesky": {
            "git": "https://github.com/bluesky/bluesky",
            "ref": "4d2bb748a39f4804c268a65a43e50997c13a2afa"
        },
        "click": {
            "hashes": [
                "sha256:7682dc8afb30297001674575ea00d1814d808d6a36af415a82bd481d37ba7b8e",
                "sha256:bb4d8133cb15a609f44e8213d9b391b0809795062913b383c62be0ee95b1db48"
            ],
            "markers": "python_version >= '3.7'",
            "version": "==8.1.3"
        },
        "cycler": {
            "hashes": [
                "sha256:3a27e95f763a428a739d2add979fa7494c912a32c17c4c38c4d5f082cad165a3",
                "sha256:9c87405839a19696e837b3b818fed3f5f69f16f1eec1a1ad77e043dcea9c772f"
            ],
            "markers": "python_version >= '3.6'",
            "version": "==0.11.0"
        },
        "decorator": {
            "hashes": [
                "sha256:637996211036b6385ef91435e4fae22989472f9d571faba8927ba8253acbc330",
                "sha256:b8c3f85900b9dc423225913c5aace94729fe1fa9763b38939a95226f02d37186"
            ],
            "markers": "python_version >= '3.5'",
            "version": "==5.1.1"
        },
        "epicscorelibs": {
            "hashes": [
                "sha256:01d45ae25d844afe71893838f36ea649ccc3e1e72a96076b33242437efb1ce13",
                "sha256:0269ba469aa8117d86e865b09e9f3b3afdb891f5f544a90d8af037039015b995",
                "sha256:1c6f00360ab2e89081c031ff499f5695bd687102a561160cf6304b64cf325ca5",
                "sha256:1cbed1cb9b7fa3744723dfb78a1aaa7ff9d475e9dee6e6e21ebb1e682421cd35",
                "sha256:223515de1da16fd7a06892e41a1e5bc870b57bbf1a0a4ac3dc3e069b647d7313",
                "sha256:329179971288722eb7f7d085fced198ff30468cc225d9677f08175074680b4ef",
                "sha256:32f91502afa9639fe576fa5bfa137352ee04f929d2887a2c7c169c24c0658808",
                "sha256:3c8958b7c3385dc190948af429a7c10d18e71142d749776250341e1db6b3d05b",
                "sha256:3eb16a21760110e0d159e7ee0f97a36250a83abc0ca6ec08806d4ad148c48761",
                "sha256:3f07babd8ff1c7499cbe9f95dd80a8cbee45f9f38bda2f6c72855c4c647d2dc7",
                "sha256:5766a0dafcd02af7ecead064d5502282eac1c66afdddf7235ae822228eedac11",
                "sha256:5a18ab11d8a565b9ea9e035218b5ac44b86d21162d7260ecb54fad43f506d70f",
                "sha256:64dd24d80b8dd1bca73ce8ffe0673306cf7018dba61883bd1b7b4ff179ac0623",
                "sha256:773d51ade8a9c44333a56aae1224afe4c238750643c5a05a461186d9ce7f4cf6",
                "sha256:86921315b855993c0316eb938586c8b99acc21ba5ed26ac0cb66d32e1682f89b",
                "sha256:941643c2e90665305deddc4a7fe99dceb5488c80d1c31bd4a96169a92adea73f",
                "sha256:9a4b401e22a96b9cacc2429f67179fed4a1414e5629f78865d6c63d92ec19439",
                "sha256:9be6cf03ad466812cd659fa2a6af1c8efd33946abdf0a2c5f8901df2289f2dda",
                "sha256:a9e07998cca913e6cf5f448c37dc1c2f29acc5fec4aca19ed80cd127b65e5d69",
                "sha256:ac260dbd4b28a53c8ebac4f902d03448432b46d3fff7809488a63263b7efbd05",
                "sha256:b0d606a0c0c020387136b1b19091d661b1b2f5763377d6a0b13152351f42ad53",
                "sha256:b64b38b4f48601054a7bd0423d1559c1a2281cb962fd4cd4c1088f49ac29b2b7",
                "sha256:b69e91fe38f818a71fd4fbf22ac17d577bdce914d4940883586e57d629030328",
                "sha256:c3deebf918866f5bdd4fbc5f52b1c89c96121619573698442876eecdf1f9a985",
                "sha256:cbb5a14534e68eb2a10904ba020191c858860f2dfebbdff969d160a29020724e",
                "sha256:d729c35c29681acc3b666e59f041e6bd228c931b8303507bb046e331e5f11f67",
                "sha256:f165e4754249ee12bd38ba68ed72dc27764b28a02654c224c690f68b95519455",
                "sha256:f40ae0290be4d84c560f848f4b0340b3c9ff466bd52fcbd11899199fa0be9b4b"
            ],
            "markers": "python_version >= '2.7'",
            "version": "==7.0.6.99.2.0"
        },
        "event-model": {
            "hashes": [
                "sha256:95e3ae13ae893ff6264dc1003a16f3ce39de14dd7b5bf2f10b2a752da473e61f",
                "sha256:a79d07e4432100e964e860aec5f2d893ea2be946a693ed185ef4e2f5bf717f15"
            ],
            "markers": "python_version >= '3.6'",
            "version": "==1.18.0"
        },
        "executing": {
            "hashes": [
                "sha256:550d581b497228b572235e633599133eeee67073c65914ca346100ad56775349",
                "sha256:98daefa9d1916a4f0d944880d5aeaf079e05585689bebd9ff9b32e31dd5e1017"
            ],
            "version": "==1.0.0"
        },
        "heapdict": {
            "hashes": [
                "sha256:6065f90933ab1bb7e50db403b90cab653c853690c5992e69294c2de2b253fc92",
                "sha256:8495f57b3e03d8e46d5f1b2cc62ca881aca392fd5cc048dc0aa2e1a6d23ecdb6"
            ],
            "version": "==1.0.1"
        },
        "historydict": {
            "hashes": [
                "sha256:92705e463637e4d99204bbafce446a85eeb2dffd06413222ef28d52f5cfe229b",
                "sha256:95e5287ecb8358fa524069d574a11dd3201ac5d8b0161e7a4d3c7f124bec7511"
            ],
            "version": "==1.2.3"
        },
        "ipython": {
            "hashes": [
                "sha256:097bdf5cd87576fd066179c9f7f208004f7a6864ee1b20f37d346c0bcb099f84",
                "sha256:6f090e29ab8ef8643e521763a4f1f39dc3914db643122b1e9d3328ff2e43ada2"
            ],
            "markers": "python_version >= '3.8'",
            "version": "==8.5.0"
        },
        "jedi": {
            "hashes": [
                "sha256:637c9635fcf47945ceb91cd7f320234a7be540ded6f3e99a50cb6febdfd1ba8d",
                "sha256:74137626a64a99c8eb6ae5832d99b3bdd7d29a3850fe2aa80a4126b2a7d949ab"
            ],
            "markers": "python_version >= '3.6'",
            "version": "==0.18.1"
        },
        "jsonschema": {
            "hashes": [
                "sha256:165059f076eff6971bae5b742fc029a7b4ef3f9bcf04c14e4776a7605de14b23",
                "sha256:9e74b8f9738d6a946d70705dc692b74b5429cd0960d58e79ffecfc43b2221eb9"
            ],
            "markers": "python_version >= '3.7'",
            "version": "==4.16.0"
        },
        "matplotlib-inline": {
            "hashes": [
                "sha256:f1f41aab5328aa5aaea9b16d083b128102f8712542f819fe7e6a420ff581b311",
                "sha256:f887e5f10ba98e8d2b150ddcf4702c1e5f8b3a20005eb0f74bfdbd360ee6f304"
            ],
            "markers": "python_version >= '3.5'",
            "version": "==0.1.6"
        },
        "msgpack": {
            "hashes": [
                "sha256:002b5c72b6cd9b4bafd790f364b8480e859b4712e91f43014fe01e4f957b8467",
                "sha256:0a68d3ac0104e2d3510de90a1091720157c319ceeb90d74f7b5295a6bee51bae",
                "sha256:0df96d6eaf45ceca04b3f3b4b111b86b33785683d682c655063ef8057d61fd92",
                "sha256:0dfe3947db5fb9ce52aaea6ca28112a170db9eae75adf9339a1aec434dc954ef",
                "sha256:0e3590f9fb9f7fbc36df366267870e77269c03172d086fa76bb4eba8b2b46624",
                "sha256:11184bc7e56fd74c00ead4f9cc9a3091d62ecb96e97653add7a879a14b003227",
                "sha256:112b0f93202d7c0fef0b7810d465fde23c746a2d482e1e2de2aafd2ce1492c88",
                "sha256:1276e8f34e139aeff1c77a3cefb295598b504ac5314d32c8c3d54d24fadb94c9",
                "sha256:1576bd97527a93c44fa856770197dec00d223b0b9f36ef03f65bac60197cedf8",
                "sha256:1e91d641d2bfe91ba4c52039adc5bccf27c335356055825c7f88742c8bb900dd",
                "sha256:26b8feaca40a90cbe031b03d82b2898bf560027160d3eae1423f4a67654ec5d6",
                "sha256:2999623886c5c02deefe156e8f869c3b0aaeba14bfc50aa2486a0415178fce55",
                "sha256:2a2df1b55a78eb5f5b7d2a4bb221cd8363913830145fad05374a80bf0877cb1e",
                "sha256:2bb8cdf50dd623392fa75525cce44a65a12a00c98e1e37bf0fb08ddce2ff60d2",
                "sha256:2cc5ca2712ac0003bcb625c96368fd08a0f86bbc1a5578802512d87bc592fe44",
                "sha256:35bc0faa494b0f1d851fd29129b2575b2e26d41d177caacd4206d81502d4c6a6",
                "sha256:3c11a48cf5e59026ad7cb0dc29e29a01b5a66a3e333dc11c04f7e991fc5510a9",
                "sha256:449e57cc1ff18d3b444eb554e44613cffcccb32805d16726a5494038c3b93dab",
                "sha256:462497af5fd4e0edbb1559c352ad84f6c577ffbbb708566a0abaaa84acd9f3ae",
                "sha256:4733359808c56d5d7756628736061c432ded018e7a1dff2d35a02439043321aa",
                "sha256:48f5d88c99f64c456413d74a975bd605a9b0526293218a3b77220a2c15458ba9",
                "sha256:49565b0e3d7896d9ea71d9095df15b7f75a035c49be733051c34762ca95bbf7e",
                "sha256:4ab251d229d10498e9a2f3b1e68ef64cb393394ec477e3370c457f9430ce9250",
                "sha256:4d5834a2a48965a349da1c5a79760d94a1a0172fbb5ab6b5b33cbf8447e109ce",
                "sha256:4dea20515f660aa6b7e964433b1808d098dcfcabbebeaaad240d11f909298075",
                "sha256:545e3cf0cf74f3e48b470f68ed19551ae6f9722814ea969305794645da091236",
                "sha256:63e29d6e8c9ca22b21846234913c3466b7e4ee6e422f205a2988083de3b08cae",
                "sha256:6916c78f33602ecf0509cc40379271ba0f9ab572b066bd4bdafd7434dee4bc6e",
                "sha256:6a4192b1ab40f8dca3f2877b70e63799d95c62c068c84dc028b40a6cb03ccd0f",
                "sha256:6c9566f2c39ccced0a38d37c26cc3570983b97833c365a6044edef3574a00c08",
                "sha256:76ee788122de3a68a02ed6f3a16bbcd97bc7c2e39bd4d94be2f1821e7c4a64e6",
                "sha256:7760f85956c415578c17edb39eed99f9181a48375b0d4a94076d84148cf67b2d",
                "sha256:77ccd2af37f3db0ea59fb280fa2165bf1b096510ba9fe0cc2bf8fa92a22fdb43",
                "sha256:81fc7ba725464651190b196f3cd848e8553d4d510114a954681fd0b9c479d7e1",
                "sha256:85f279d88d8e833ec015650fd15ae5eddce0791e1e8a59165318f371158efec6",
                "sha256:9667bdfdf523c40d2511f0e98a6c9d3603be6b371ae9a238b7ef2dc4e7a427b0",
                "sha256:a75dfb03f8b06f4ab093dafe3ddcc2d633259e6c3f74bb1b01996f5d8aa5868c",
                "sha256:ac5bd7901487c4a1dd51a8c58f2632b15d838d07ceedaa5e4c080f7190925bff",
                "sha256:aca0f1644d6b5a73eb3e74d4d64d5d8c6c3d577e753a04c9e9c87d07692c58db",
                "sha256:b17be2478b622939e39b816e0aa8242611cc8d3583d1cd8ec31b249f04623243",
                "sha256:c1683841cd4fa45ac427c18854c3ec3cd9b681694caf5bff04edb9387602d661",
                "sha256:c23080fdeec4716aede32b4e0ef7e213c7b1093eede9ee010949f2a418ced6ba",
                "sha256:d5b5b962221fa2c5d3a7f8133f9abffc114fe218eb4365e40f17732ade576c8e",
                "sha256:d603de2b8d2ea3f3bcb2efe286849aa7a81531abc52d8454da12f46235092bcb",
                "sha256:e83f80a7fec1a62cf4e6c9a660e39c7f878f603737a0cdac8c13131d11d97f52",
                "sha256:eb514ad14edf07a1dbe63761fd30f89ae79b42625731e1ccf5e1f1092950eaa6",
                "sha256:eba96145051ccec0ec86611fe9cf693ce55f2a3ce89c06ed307de0e085730ec1",
                "sha256:ed6f7b854a823ea44cf94919ba3f727e230da29feb4a99711433f25800cf747f",
                "sha256:f0029245c51fd9473dc1aede1160b0a29f4a912e6b1dd353fa6d317085b219da",
                "sha256:f5d869c18f030202eb412f08b28d2afeea553d6613aee89e200d7aca7ef01f5f",
                "sha256:fb62ea4b62bfcb0b380d5680f9a4b3f9a2d166d9394e9bbd9666c0ee09a3645c",
                "sha256:fcb8a47f43acc113e24e910399376f7277cf8508b27e5b88499f053de6b115a8"
            ],
            "version": "==1.0.4"
        },
        "msgpack-numpy": {
            "hashes": [
                "sha256:773c19d4dfbae1b3c7b791083e2caf66983bb19b40901646f61d8731554ae3da",
                "sha256:c667d3180513422f9c7545be5eec5d296dcbb357e06f72ed39cc683797556e69"
            ],
            "version": "==0.4.8"
        },
        "numpy": {
            "hashes": [
                "sha256:004f0efcb2fe1c0bd6ae1fcfc69cc8b6bf2407e0f18be308612007a0762b4089",
                "sha256:09f6b7bdffe57fc61d869a22f506049825d707b288039d30f26a0d0d8ea05164",
                "sha256:0ea3f98a0ffce3f8f57675eb9119f3f4edb81888b6874bc1953f91e0b1d4f440",
                "sha256:17c0e467ade9bda685d5ac7f5fa729d8d3e76b23195471adae2d6a6941bd2c18",
                "sha256:1f27b5322ac4067e67c8f9378b41c746d8feac8bdd0e0ffede5324667b8a075c",
                "sha256:22d43376ee0acd547f3149b9ec12eec2f0ca4a6ab2f61753c5b29bb3e795ac4d",
                "sha256:2ad3ec9a748a8943e6eb4358201f7e1c12ede35f510b1a2221b70af4bb64295c",
                "sha256:301c00cf5e60e08e04d842fc47df641d4a181e651c7135c50dc2762ffe293dbd",
                "sha256:39a664e3d26ea854211867d20ebcc8023257c1800ae89773cbba9f9e97bae036",
                "sha256:51bf49c0cd1d52be0a240aa66f3458afc4b95d8993d2d04f0d91fa60c10af6cd",
                "sha256:78a63d2df1d947bd9d1b11d35564c2f9e4b57898aae4626638056ec1a231c40c",
                "sha256:7cd1328e5bdf0dee621912f5833648e2daca72e3839ec1d6695e91089625f0b4",
                "sha256:8355fc10fd33a5a70981a5b8a0de51d10af3688d7a9e4a34fcc8fa0d7467bb7f",
                "sha256:8c79d7cf86d049d0c5089231a5bcd31edb03555bd93d81a16870aa98c6cfb79d",
                "sha256:91b8d6768a75247026e951dce3b2aac79dc7e78622fc148329135ba189813584",
                "sha256:94c15ca4e52671a59219146ff584488907b1f9b3fc232622b47e2cf832e94fb8",
                "sha256:98dcbc02e39b1658dc4b4508442a560fe3ca5ca0d989f0df062534e5ca3a5c1a",
                "sha256:a64403f634e5ffdcd85e0b12c08f04b3080d3e840aef118721021f9b48fc1460",
                "sha256:bc6e8da415f359b578b00bcfb1d08411c96e9a97f9e6c7adada554a0812a6cc6",
                "sha256:bdc9febce3e68b697d931941b263c59e0c74e8f18861f4064c1f712562903411",
                "sha256:c1ba66c48b19cc9c2975c0d354f24058888cdc674bebadceb3cdc9ec403fb5d1",
                "sha256:c9f707b5bb73bf277d812ded9896f9512a43edff72712f31667d0a8c2f8e71ee",
                "sha256:d5422d6a1ea9b15577a9432e26608c73a78faf0b9039437b075cf322c92e98e7",
                "sha256:e5d5420053bbb3dd64c30e58f9363d7a9c27444c3648e61460c1237f9ec3fa14",
                "sha256:e868b0389c5ccfc092031a861d4e158ea164d8b7fdbb10e3b5689b4fc6498df6",
                "sha256:efd9d3abe5774404becdb0748178b48a218f1d8c44e0375475732211ea47c67e",
                "sha256:f8c02ec3c4c4fcb718fdf89a6c6f709b14949408e8cf2a2be5bfa9c49548fd85",
                "sha256:ffcf105ecdd9396e05a8e58e81faaaf34d3f9875f137c7372450baa5d77c9a54"
            ],
            "markers": "python_version >= '3.8'",
            "version": "==1.23.3"
        },
        "ophyd": {
            "git": "https://github.com/dls-controls/ophyd",
            "ref": "2e83f8e5c19f85c109d8254dd1ab2518fd34da51"
        },
        "ophyd-tango-devices": {
            "path": ".",
            "version": "==0.1.0"
        },
        "parso": {
            "hashes": [
                "sha256:8c07be290bb59f03588915921e29e8a50002acaf2cdc5fa0e0114f91709fafa0",
                "sha256:c001d4636cd3aecdaf33cbb40aebb59b094be2a74c556778ef5576c175e19e75"
            ],
            "markers": "python_version >= '3.6'",
            "version": "==0.8.3"
        },
        "pexpect": {
            "hashes": [
                "sha256:0b48a55dcb3c05f3329815901ea4fc1537514d6ba867a152b581d69ae3710937",
                "sha256:fc65a43959d153d0114afe13997d439c22823a27cefceb5ff35c2178c6784c0c"
            ],
            "markers": "sys_platform != 'win32'",
            "version": "==4.8.0"
        },
        "pickleshare": {
            "hashes": [
                "sha256:87683d47965c1da65cdacaf31c8441d12b8044cdec9aca500cd78fc2c683afca",
                "sha256:9649af414d74d4df115d5d718f82acb59c9d418196b7b4290ed47a12ce62df56"
            ],
            "version": "==0.7.5"
        },
        "prompt-toolkit": {
            "hashes": [
                "sha256:9696f386133df0fc8ca5af4895afe5d78f5fcfe5258111c2a79a1c3e41ffa96d",
                "sha256:9ada952c9d1787f52ff6d5f3484d0b4df8952787c087edf6a1f7c2cb1ea88148"
            ],
            "markers": "python_full_version >= '3.6.2'",
            "version": "==3.0.31"
        },
        "ptyprocess": {
            "hashes": [
                "sha256:4b41f3967fce3af57cc7e94b888626c18bf37a083e3651ca8feeb66d492fef35",
                "sha256:5c5d0a3b48ceee0b48485e0c26037c0acd7d29765ca3fbb5cb3831d347423220"
            ],
            "version": "==0.7.0"
        },
        "pure-eval": {
            "hashes": [
                "sha256:01eaab343580944bc56080ebe0a674b39ec44a945e6d09ba7db3cb8cec289350",
                "sha256:2b45320af6dfaa1750f543d714b6d1c520a1688dec6fd24d339063ce0aaa9ac3"
            ],
            "version": "==0.2.2"
        },
        "pygments": {
            "hashes": [
                "sha256:56a8508ae95f98e2b9bdf93a6be5ae3f7d8af858b43e02c5a2ff083726be40c1",
                "sha256:f643f331ab57ba3c9d89212ee4a2dabc6e94f117cf4eefde99a0574720d14c42"
            ],
            "markers": "python_version >= '3.6'",
            "version": "==2.13.0"
        },
        "pyrsistent": {
            "hashes": [
                "sha256:0e3e1fcc45199df76053026a51cc59ab2ea3fc7c094c6627e93b7b44cdae2c8c",
                "sha256:1b34eedd6812bf4d33814fca1b66005805d3640ce53140ab8bbb1e2651b0d9bc",
                "sha256:4ed6784ceac462a7d6fcb7e9b663e93b9a6fb373b7f43594f9ff68875788e01e",
                "sha256:5d45866ececf4a5fff8742c25722da6d4c9e180daa7b405dc0a2a2790d668c26",
                "sha256:636ce2dc235046ccd3d8c56a7ad54e99d5c1cd0ef07d9ae847306c91d11b5fec",
                "sha256:6455fc599df93d1f60e1c5c4fe471499f08d190d57eca040c0ea182301321286",
                "sha256:6bc66318fb7ee012071b2792024564973ecc80e9522842eb4e17743604b5e045",
                "sha256:7bfe2388663fd18bd8ce7db2c91c7400bf3e1a9e8bd7d63bf7e77d39051b85ec",
                "sha256:7ec335fc998faa4febe75cc5268a9eac0478b3f681602c1f27befaf2a1abe1d8",
                "sha256:914474c9f1d93080338ace89cb2acee74f4f666fb0424896fcfb8d86058bf17c",
                "sha256:b568f35ad53a7b07ed9b1b2bae09eb15cdd671a5ba5d2c66caee40dbf91c68ca",
                "sha256:cdfd2c361b8a8e5d9499b9082b501c452ade8bbf42aef97ea04854f4a3f43b22",
                "sha256:d1b96547410f76078eaf66d282ddca2e4baae8964364abb4f4dcdde855cd123a",
                "sha256:d4d61f8b993a7255ba714df3aca52700f8125289f84f704cf80916517c46eb96",
                "sha256:d7a096646eab884bf8bed965bad63ea327e0d0c38989fc83c5ea7b8a87037bfc",
                "sha256:df46c854f490f81210870e509818b729db4488e1f30f2a1ce1698b2295a878d1",
                "sha256:e24a828f57e0c337c8d8bb9f6b12f09dfdf0273da25fda9e314f0b684b415a07",
                "sha256:e4f3149fd5eb9b285d6bfb54d2e5173f6a116fe19172686797c056672689daf6",
                "sha256:e92a52c166426efbe0d1ec1332ee9119b6d32fc1f0bbfd55d5c1088070e7fc1b",
                "sha256:f87cc2863ef33c709e237d4b5f4502a62a00fab450c9e020892e8e2ede5847f5",
                "sha256:fd8da6d0124efa2f67d86fa70c851022f87c98e205f0594e1fae044e7119a5a6"
            ],
            "markers": "python_version >= '3.7'",
            "version": "==0.18.1"
        },
        "pytango": {
            "hashes": [
                "sha256:411d19eccc75f1aec68ba5662b9e1854810bce97c6f7ec6fcc912f8ce93cf6e9",
                "sha256:41a6f355aa205600b2e4faf49684220e935e6b33e6a9784fed7153743997d101",
                "sha256:5200437b64d1bb97d8de0e43d0c8e02bca72dcb442127194bfadc4d892485474",
                "sha256:6950a061e78ada996ee63d7832401c7867ade3b88cfac3e7c828fbea9b54e470",
                "sha256:6c8ffeb0ac6bead006a24a97bd259f7a54ddf9f88d8b81b8af588c46eca6c784",
                "sha256:c9583dcba885aeaeae2edc9ac0e69b7a9835b27da39b00afb894b085b5c4b905",
                "sha256:dcf06b9daacfd500191afa1946e985a2d8bffe243869c8a0b982263e996981b9",
                "sha256:e074346d417c71ad39498480f608874e4e889b88414a487d6ebb0e0084789a07",
                "sha256:f96811c83f8ee697170938793025ddab091cdc5746fb5f2fea1c3fe6b89f581c"
            ],
            "index": "pypi",
            "version": "==9.3.5"
        },
        "scanspec": {
            "hashes": [
                "sha256:0336849b8d68e927878edecb901a72d97050f6fff9e7806b7c74bba0fbb8f156",
                "sha256:844d313df816658c11307fb8cfcf7cf85fcbbdc82e9bec84e876a0c1ff62a30d"
            ],
            "markers": "python_version >= '3.7'",
            "version": "==0.5.4"
        },
        "setuptools": {
            "hashes": [
                "sha256:2e24e0bec025f035a2e72cdd1961119f557d78ad331bb00ff82efb2ab8da8e82",
                "sha256:7732871f4f7fa58fb6bdcaeadb0161b2bd046c85905dbaa066bdcbcc81953b57"
            ],
            "markers": "python_version >= '3.7'",
            "version": "==65.3.0"
        },
        "setuptools-dso": {
            "hashes": [
                "sha256:7150f92711d5510ed9b19d26b67dd39bdc58c6289dffac62c967c9d7dc42a179",
                "sha256:cecc1c01c134497303c8efa4742cb758fe7bd623894e9f40bceaadb785e0d0e1"
            ],
            "markers": "python_version >= '2.7'",
            "version": "==2.6a1"
        },
        "six": {
            "hashes": [
                "sha256:1e61c37477a1626458e36f7b1d82aa5c9b094fa4802892072e49de9c60c4c926",
                "sha256:8abb2f1d86890a2dfb989f9a77cfcfd3e47c2a354b01111771326f8aa26e0254"
            ],
            "markers": "python_version >= '2.7' and python_version not in '3.0, 3.1, 3.2, 3.3'",
            "version": "==1.16.0"
        },
        "stack-data": {
            "hashes": [
                "sha256:66d2ebd3d7f29047612ead465b6cae5371006a71f45037c7e2507d01367bce3b",
                "sha256:715c8855fbf5c43587b141e46cc9d9339cc0d1f8d6e0f98ed0d01c6cb974e29f"
            ],
            "version": "==0.5.0"
        },
        "super-state-machine": {
            "hashes": [
                "sha256:6f615d55970be4ab57f5121a15b60568145effa49e9316a2eaaf51b0b81f3456",
                "sha256:e038a4c573ab80f157bf726c3036367919704f62cd166eb46837143165035958"
            ],
            "version": "==2.0.2"
        },
        "toolz": {
            "hashes": [
                "sha256:2059bd4148deb1884bb0eb770a3cde70e7f954cfbbdc2285f1f2de01fd21eb6f",
                "sha256:88c570861c440ee3f2f6037c4654613228ff40c93a6c25e0eba70d17282c6194"
            ],
            "markers": "python_version >= '3.5'",
            "version": "==0.12.0"
        },
        "tqdm": {
            "hashes": [
                "sha256:5f4f682a004951c1b450bc753c710e9280c5746ce6ffedee253ddbcbf54cf1e4",
                "sha256:6fee160d6ffcd1b1c68c65f14c829c22832bc401726335ce92c52d395944a6a1"
            ],
            "markers": "python_version >= '2.7' and python_version not in '3.0, 3.1, 3.2, 3.3'",
            "version": "==4.64.1"
        },
        "traitlets": {
            "hashes": [
                "sha256:3f2c4e435e271592fe4390f1746ea56836e3a080f84e7833f0f801d9613fec39",
                "sha256:93663cc8236093d48150e2af5e2ed30fc7904a11a6195e21bab0408af4e6d6c8"
            ],
            "markers": "python_version >= '3.7'",
            "version": "==5.4.0"
        },
        "typing-extensions": {
            "hashes": [
                "sha256:25642c956049920a5aa49edcdd6ab1e06d7e5d467fc00e0506c44ac86fbfca02",
                "sha256:e6d2677a32f47fc7eb2795db1dd15c1f34eff616bcaf2cfb5e997f854fa1c4a6"
            ],
            "markers": "python_version >= '3.7'",
            "version": "==4.3.0"
        },
        "wcwidth": {
            "hashes": [
                "sha256:beb4802a9cebb9144e99086eff703a642a13d6a0052920003a230f3294bbe784",
                "sha256:c4d647b99872929fdb7bdcaa4fbe7f01413ed3d98077df798530e5b04f116c83"
            ],
            "version": "==0.2.5"
        },
        "zict": {
            "hashes": [
                "sha256:d7366c2e2293314112dcf2432108428a67b927b00005619feefc310d12d833f3",
                "sha256:dabcc8c8b6833aa3b6602daad50f03da068322c1a90999ff78aed9eecc8fa92c"
            ],
            "markers": "python_version >= '3.7'",
            "version": "==2.2.0"
        }
    },
    "develop": {}
}
